
Microsoft Visual Studio Solution File, Format Version 12.00
# Visual Studio Version 17
VisualStudioVersion = 17.14.36221.1
MinimumVisualStudioVersion = 10.0.40219.1
Project("{FAE04EC0-301F-11D3-BF4B-00C04F79EFBC}") = "NovellGame", "NovellGame.csproj", "{4CECC878-0C4E-4AA5-88D1-7E8883F257A5}"
EndProject
Global
	GlobalSection(SolutionConfigurationPlatforms) = preSolution
		Debug|Any CPU = Debug|Any CPU
		Release|Any CPU = Release|Any CPU
	EndGlobalSection
	GlobalSection(ProjectConfigurationPlatforms) = postSolution
		{4CECC878-0C4E-4AA5-88D1-7E8883F257A5}.Debug|Any CPU.ActiveCfg = Debug|Any CPU
		{4CECC878-0C4E-4AA5-88D1-7E8883F257A5}.Debug|Any CPU.Build.0 = Debug|Any CPU
		{4CECC878-0C4E-4AA5-88D1-7E8883F257A5}.Release|Any CPU.ActiveCfg = Release|Any CPU
		{4CECC878-0C4E-4AA5-88D1-7E8883F257A5}.Release|Any CPU.Build.0 = Release|Any CPU
	EndGlobalSection
	GlobalSection(SolutionProperties) = preSolution
		HideSolutionNode = FALSE
	EndGlobalSection
	GlobalSection(ExtensibilityGlobals) = postSolution
		SolutionGuid = {7A4C2B9F-412B-4B06-8D11-C82A940323AA}
	EndGlobalSection
EndGlobal
